{
  "nodes": {
    "crane": {
      "inputs": {
        "nixpkgs": [
          "helix-editor",
          "nixpkgs"
        ]
      },
      "locked": {
        "lastModified": 1701025348,
        "narHash": "sha256-42GHmYH+GF7VjwGSt+fVT1CQuNpGanJbNgVHTAZppUM=",
        "owner": "ipetkov",
        "repo": "crane",
        "rev": "42afaeb1a0325194a7cdb526332d2cb92fddd07b",
        "type": "github"
      },
      "original": {
        "owner": "ipetkov",
        "repo": "crane",
        "type": "github"
      }
    },
    "flake-utils": {
      "inputs": {
        "systems": "systems"
      },
      "locked": {
        "lastModified": 1694529238,
        "narHash": "sha256-zsNZZGTGnMOf9YpHKJqMSsa0dXbfmxeoJ7xHlrt+xmY=",
        "owner": "numtide",
        "repo": "flake-utils",
        "rev": "ff7b65b44d01cf9ba6a71320833626af21126384",
        "type": "github"
      },
      "original": {
        "owner": "numtide",
        "repo": "flake-utils",
        "type": "github"
      }
    },
    "helix-editor": {
      "inputs": {
        "crane": "crane",
        "flake-utils": "flake-utils",
        "nixpkgs": [
          "nixpkgs"
        ],
        "rust-overlay": "rust-overlay"
      },
      "locked": {
        "lastModified": 1705976678,
        "narHash": "sha256-gPVkZJ4XbdJ5JWltoMHfJbmgbgsgYi/hE2zkj/njUjM=",
        "owner": "helix-editor",
        "repo": "helix",
        "rev": "ae8042bb83e34b7cf085ec8792fcbf529896d998",
        "type": "github"
      },
      "original": {
        "owner": "helix-editor",
        "repo": "helix",
        "type": "github"
      }
    },
    "home-manager": {
      "inputs": {
        "nixpkgs": [
          "nixpkgs"
        ]
      },
      "locked": {
        "lastModified": 1702195668,
        "narHash": "sha256-Lxmjez0nfNBptdqV5GsXKm7Bb7swjGsrxiLxWJu0tL8=",
        "owner": "rycee",
        "repo": "home-manager",
        "rev": "33110fb3c7fe6a94b98b641866a5eddb64b7c23f",
        "type": "github"
      },
      "original": {
        "owner": "rycee",
        "ref": "release-23.05",
        "repo": "home-manager",
        "type": "github"
      }
    },
    "nixpkgs": {
      "locked": {
        "lastModified": 1705774713,
        "narHash": "sha256-j6ADaDH9XiumUzkTPlFyCBcoWYhO83lfgiSqEJF2zcs=",
        "owner": "NixOS",
        "repo": "nixpkgs",
        "rev": "1b64fc1287991a9cce717a01c1973ef86cb1af0b",
        "type": "github"
      },
      "original": {
        "id": "nixpkgs",
        "ref": "nixos-23.11",
        "type": "indirect"
      }
    },
    "nixpkgs-unstable": {
      "locked": {
        "lastModified": 1705856552,
        "narHash": "sha256-JXfnuEf5Yd6bhMs/uvM67/joxYKoysyE3M2k6T3eWbg=",
        "owner": "NixOS",
        "repo": "nixpkgs",
        "rev": "612f97239e2cc474c13c9dafa0df378058c5ad8d",
        "type": "github"
      },
      "original": {
        "id": "nixpkgs",
        "ref": "nixos-unstable",
        "type": "indirect"
      }
    },
    "root": {
      "inputs": {
        "helix-editor": "helix-editor",
        "home-manager": "home-manager",
        "nixpkgs": "nixpkgs",
        "nixpkgs-unstable": "nixpkgs-unstable"
      }
    },
    "rust-overlay": {
      "inputs": {
        "flake-utils": [
          "helix-editor",
          "flake-utils"
        ],
        "nixpkgs": [
          "helix-editor",
          "nixpkgs"
        ]
      },
      "locked": {
        "lastModified": 1701137803,
        "narHash": "sha256-0LcPAdql5IhQSUXJx3Zna0dYTgdIoYO7zUrsKgiBd04=",
        "owner": "oxalica",
        "repo": "rust-overlay",
        "rev": "9dd940c967502f844eacea52a61e9596268d4f70",
        "type": "github"
      },
      "original": {
        "owner": "oxalica",
        "repo": "rust-overlay",
        "type": "github"
      }
    },
    "systems": {
      "locked": {
        "lastModified": 1681028828,
        "narHash": "sha256-Vy1rq5AaRuLzOxct8nz4T6wlgyUR7zLU309k9mBC768=",
        "owner": "nix-systems",
        "repo": "default",
        "rev": "da67096a3b9bf56a91d16901293e51ba5b49a27e",
        "type": "github"
      },
      "original": {
        "owner": "nix-systems",
        "repo": "default",
        "type": "github"
      }
    }
  },
  "root": "root",
  "version": 7
}
